
Microsoft Visual Studio Solution File, Format Version 12.00
# Visual Studio 2013
VisualStudioVersion = 12.0.21005.1
MinimumVisualStudioVersion = 10.0.40219.1
Project("{8BC9CEB8-8B4A-11D0-8D11-00A0C91BC942}") = "DataStore", "DataStore\DataStore.vcxproj", "{B816C2D9-4493-47DD-9AC2-2979F5354E2B}"
EndProject
Project("{8BC9CEB8-8B4A-11D0-8D11-00A0C91BC942}") = "FileMgr", "FileMgr\FileMgr.vcxproj", "{DDEE27FF-855E-4D10-AD7B-79CB8966EF13}"
EndProject
Project("{8BC9CEB8-8B4A-11D0-8D11-00A0C91BC942}") = "Display", "Display\Display.vcxproj", "{13AAD710-A92B-4725-B275-8C8965D15886}"
EndProject
Project("{8BC9CEB8-8B4A-11D0-8D11-00A0C91BC942}") = "Executive_Filecatalog", "Executive_Filecatalog\Executive_Filecatalog.vcxproj", "{B33C84E3-A7EE-46E0-BCCB-E81D26EAD100}"
EndProject
Global
	GlobalSection(SolutionConfigurationPlatforms) = preSolution
		Debug|Win32 = Debug|Win32
		Release|Win32 = Release|Win32
	EndGlobalSection
	GlobalSection(ProjectConfigurationPlatforms) = postSolution
		{B816C2D9-4493-47DD-9AC2-2979F5354E2B}.Debug|Win32.ActiveCfg = Debug|Win32
		{B816C2D9-4493-47DD-9AC2-2979F5354E2B}.Debug|Win32.Build.0 = Debug|Win32
		{B816C2D9-4493-47DD-9AC2-2979F5354E2B}.Release|Win32.ActiveCfg = Release|Win32
		{B816C2D9-4493-47DD-9AC2-2979F5354E2B}.Release|Win32.Build.0 = Release|Win32
		{DDEE27FF-855E-4D10-AD7B-79CB8966EF13}.Debug|Win32.ActiveCfg = Debug|Win32
		{DDEE27FF-855E-4D10-AD7B-79CB8966EF13}.Debug|Win32.Build.0 = Debug|Win32
		{DDEE27FF-855E-4D10-AD7B-79CB8966EF13}.Release|Win32.ActiveCfg = Release|Win32
		{DDEE27FF-855E-4D10-AD7B-79CB8966EF13}.Release|Win32.Build.0 = Release|Win32
		{13AAD710-A92B-4725-B275-8C8965D15886}.Debug|Win32.ActiveCfg = Debug|Win32
		{13AAD710-A92B-4725-B275-8C8965D15886}.Debug|Win32.Build.0 = Debug|Win32
		{13AAD710-A92B-4725-B275-8C8965D15886}.Release|Win32.ActiveCfg = Release|Win32
		{13AAD710-A92B-4725-B275-8C8965D15886}.Release|Win32.Build.0 = Release|Win32
		{B33C84E3-A7EE-46E0-BCCB-E81D26EAD100}.Debug|Win32.ActiveCfg = Debug|Win32
		{B33C84E3-A7EE-46E0-BCCB-E81D26EAD100}.Debug|Win32.Build.0 = Debug|Win32
		{B33C84E3-A7EE-46E0-BCCB-E81D26EAD100}.Release|Win32.ActiveCfg = Release|Win32
		{B33C84E3-A7EE-46E0-BCCB-E81D26EAD100}.Release|Win32.Build.0 = Release|Win32
	EndGlobalSection
	GlobalSection(SolutionProperties) = preSolution
		HideSolutionNode = FALSE
	EndGlobalSection
EndGlobal
